
Microsoft Visual Studio Solution File, Format Version 12.00
# Visual Studio 14
VisualStudioVersion = 14.0.25420.1
MinimumVisualStudioVersion = 10.0.40219.1
Project("{FAE04EC0-301F-11D3-BF4B-00C04F79EFBC}") = "ChattingApp", "ChattingApp\ChattingApp.csproj", "{F4541D49-B880-4C5C-8839-9F4E1643D82B}"
EndProject
Global
	GlobalSection(SolutionConfigurationPlatforms) = preSolution
		Debug|Any CPU = Debug|Any CPU
		Release|Any CPU = Release|Any CPU
	EndGlobalSection
	GlobalSection(ProjectConfigurationPlatforms) = postSolution
		{F4541D49-B880-4C5C-8839-9F4E1643D82B}.Debug|Any CPU.ActiveCfg = Debug|Any CPU
		{F4541D49-B880-4C5C-8839-9F4E1643D82B}.Debug|Any CPU.Build.0 = Debug|Any CPU
		{F4541D49-B880-4C5C-8839-9F4E1643D82B}.Release|Any CPU.ActiveCfg = Release|Any CPU
		{F4541D49-B880-4C5C-8839-9F4E1643D82B}.Release|Any CPU.Build.0 = Release|Any CPU
	EndGlobalSection
	GlobalSection(SolutionProperties) = preSolution
		HideSolutionNode = FALSE
	EndGlobalSection
EndGlobal
